<?xml version="1.0" encoding="utf-8"?>
<Project ToolsVersion="4.0" xmlns="http://schemas.microsoft.com/developer/msbuild/2003">
  <ItemGroup>
    <ClCompile Include="Animal.cpp" />
    <ClCompile Include="ConsoleWindow.cpp" />
    <ClCompile Include="Entity.cpp" />
    <ClCompile Include="Game.cpp" />
    <ClCompile Include="main.cpp" />
    <ClCompile Include="MenuGame.cpp" />
    <ClCompile Include="Player.cpp" />
    <ClCompile Include="Score.cpp" />
    <ClCompile Include="Sound.cpp" />
    <ClCompile Include="Threat.cpp" />
    <ClCompile Include="TrafficLight.cpp" />
    <ClCompile Include="Vehicle.cpp" />
  </ItemGroup>
  <ItemGroup>
    <ClInclude Include="Animal.h" />
    <ClInclude Include="ConsoleWindow.h" />
    <ClInclude Include="Entity.h" />
    <ClInclude Include="Game.h" />
    <ClInclude Include="MenuGame.h" />
    <ClInclude Include="Player.h" />
    <ClInclude Include="Renderer.h" />
    <ClInclude Include="Score.h" />
    <ClInclude Include="Sound.h" />
    <ClInclude Include="Threat.h" />
    <ClInclude Include="TrafficLight.h" />
    <ClInclude Include="Vehicle.h" />
  </ItemGroup>
  <ItemGroup>
    <Text Include="Highscores.txt" />
    <Text Include="character.txt" />
    <Text Include=" HUY.txt" />
    <Text Include="SaveGame.txt" />
  </ItemGroup>
</Project>